
Microsoft Visual Studio Solution File, Format Version 12.00
# Visual Studio Version 16
VisualStudioVersion = 16.0.30320.27
MinimumVisualStudioVersion = 10.0.40219.1
Project("{FAE04EC0-301F-11D3-BF4B-00C04F79EFBC}") = "SearchEngine", "ConsoleApp1\SearchEngine.csproj", "{74BF26F3-CAB4-4044-A053-737D5F2AE970}"
EndProject
Project("{9A19103F-16F7-4668-BE54-9A1E7A4F7556}") = "Logic", "Models\Logic.csproj", "{2B67FC1E-CE82-4A57-8276-D98AB7CBDD22}"
EndProject
Project("{9A19103F-16F7-4668-BE54-9A1E7A4F7556}") = "Entity", "Entity\Entity.csproj", "{9A49C7A5-FD51-4C26-9105-3BA2506CABBE}"
EndProject
Global
	GlobalSection(SolutionConfigurationPlatforms) = preSolution
		Debug|Any CPU = Debug|Any CPU
		Release|Any CPU = Release|Any CPU
	EndGlobalSection
	GlobalSection(ProjectConfigurationPlatforms) = postSolution
		{74BF26F3-CAB4-4044-A053-737D5F2AE970}.Debug|Any CPU.ActiveCfg = Debug|Any CPU
		{74BF26F3-CAB4-4044-A053-737D5F2AE970}.Debug|Any CPU.Build.0 = Debug|Any CPU
		{74BF26F3-CAB4-4044-A053-737D5F2AE970}.Release|Any CPU.ActiveCfg = Release|Any CPU
		{74BF26F3-CAB4-4044-A053-737D5F2AE970}.Release|Any CPU.Build.0 = Release|Any CPU
		{2B67FC1E-CE82-4A57-8276-D98AB7CBDD22}.Debug|Any CPU.ActiveCfg = Debug|Any CPU
		{2B67FC1E-CE82-4A57-8276-D98AB7CBDD22}.Debug|Any CPU.Build.0 = Debug|Any CPU
		{2B67FC1E-CE82-4A57-8276-D98AB7CBDD22}.Release|Any CPU.ActiveCfg = Release|Any CPU
		{2B67FC1E-CE82-4A57-8276-D98AB7CBDD22}.Release|Any CPU.Build.0 = Release|Any CPU
		{9A49C7A5-FD51-4C26-9105-3BA2506CABBE}.Debug|Any CPU.ActiveCfg = Debug|Any CPU
		{9A49C7A5-FD51-4C26-9105-3BA2506CABBE}.Debug|Any CPU.Build.0 = Debug|Any CPU
		{9A49C7A5-FD51-4C26-9105-3BA2506CABBE}.Release|Any CPU.ActiveCfg = Release|Any CPU
		{9A49C7A5-FD51-4C26-9105-3BA2506CABBE}.Release|Any CPU.Build.0 = Release|Any CPU
	EndGlobalSection
	GlobalSection(SolutionProperties) = preSolution
		HideSolutionNode = FALSE
	EndGlobalSection
	GlobalSection(ExtensibilityGlobals) = postSolution
		SolutionGuid = {BD6365E0-768F-4ED6-9392-71B7277EC766}
	EndGlobalSection
EndGlobal
